
Microsoft Visual Studio Solution File, Format Version 12.00
# Visual Studio Version 17
VisualStudioVersion = 17.0.31903.59
MinimumVisualStudioVersion = 10.0.40219.1
Project("{FAE04EC0-301F-11D3-BF4B-00C04F79EFBC}") = "SolarShade.Core", "src\SolarShade.Core\SolarShade.Core.csproj", "{1A67D4B8-0A6D-4B7C-BF12-9C55E3AC3D91}"
EndProject
Project("{FAE04EC0-301F-11D3-BF4B-00C04F79EFBC}") = "SolarShade.Calibration.Tests", "src\OmnicalibFisheyeLensParameterExtractor\tests\SolarShade.Calibration.Tests\SolarShade.Calibration.Tests.csproj", "{B5E144B9-A0D0-4098-85A8-559163833A31}"
EndProject
Project("{FAE04EC0-301F-11D3-BF4B-00C04F79EFBC}") = "SolarShade.Calibration.Cli", "src\OmnicalibFisheyeLensParameterExtractor\SolarShade.Calibration.Cli\SolarShade.Calibration.Cli.csproj", "{4B81D648-A52E-4D17-9F16-95DE53CF9FE5}"
EndProject
Project("{2150E333-8FDC-42A3-9474-1A3956D46DE8}") = "src", "src", "{827E0CD3-B72D-47B6-A68D-7590B98EB39B}"
EndProject
Project("{FAE04EC0-301F-11D3-BF4B-00C04F79EFBC}") = "SolarShade.Calibration.Detection", "src\OmnicalibFisheyeLensParameterExtractor\SolarShade.Calibration.Detection\SolarShade.Calibration.Detection.csproj", "{A8D36E73-B872-4262-89DC-FDBD916F0174}"
EndProject
Project("{FAE04EC0-301F-11D3-BF4B-00C04F79EFBC}") = "SolarShade.Calibration.Solver", "src\OmnicalibFisheyeLensParameterExtractor\SolarShade.Calibration.Solver\SolarShade.Calibration.Solver.csproj", "{45F47EE4-FFD2-487F-ABA7-C15AEFFC1766}"
EndProject
Project("{FAE04EC0-301F-11D3-BF4B-00C04F79EFBC}") = "SolarShade.Calibration.Validation", "src\OmnicalibFisheyeLensParameterExtractor\SolarShade.Calibration.Validation\SolarShade.Calibration.Validation.csproj", "{F77F02F3-560A-47FD-A89F-B1338FEB102F}"
EndProject
Project("{FAE04EC0-301F-11D3-BF4B-00C04F79EFBC}") = "SolarShade.Camera", "src\SolarShade.Camera\SolarShade.Camera.csproj", "{DB126945-8458-4393-B823-7ACE2848D334}"
EndProject
Project("{2150E333-8FDC-42A3-9474-1A3956D46DE8}") = "OmnicalibFisheyeLensParameterExtractor", "OmnicalibFisheyeLensParameterExtractor", "{EBD46E40-5B45-43C9-B78D-3086AC56E5CE}"
EndProject
Project("{2150E333-8FDC-42A3-9474-1A3956D46DE8}") = "IrradianceDataExtractor", "IrradianceDataExtractor", "{2645CF59-4728-FFDE-52C4-FAEC711A5923}"
EndProject
Project("{FAE04EC0-301F-11D3-BF4B-00C04F79EFBC}") = "SolarShade.Irradiance", "src\IrradianceDataExtractor\SolarShade.Irradiance\SolarShade.Irradiance.csproj", "{AAC4F784-EC9F-494A-A6F2-DD9E779C4252}"
EndProject
Project("{FAE04EC0-301F-11D3-BF4B-00C04F79EFBC}") = "SolarShade.Irradiance.Validation", "src\IrradianceDataExtractor\SolarShade.Irradiance.Validation\SolarShade.Irradiance.Validation.csproj", "{16BF32B0-5F7A-4624-A467-7C18B8E77563}"
EndProject
Project("{FAE04EC0-301F-11D3-BF4B-00C04F79EFBC}") = "SolarShade.Irradiance.Tests", "src\IrradianceDataExtractor\tests\SolarShade.Irradiance.Tests\SolarShade.Irradiance.Tests.csproj", "{57A929DD-1CE7-489F-9C65-6A501D8FBDF0}"
EndProject
Project("{2150E333-8FDC-42A3-9474-1A3956D46DE8}") = "SkyPhotoMasking", "SkyPhotoMasking", "{1AA1CF96-9A19-335D-0EAB-BCFFA70C471D}"
EndProject
Project("{FAE04EC0-301F-11D3-BF4B-00C04F79EFBC}") = "SkyPhotoMasking", "src\SkyPhotoMasking\SkyPhotoMasking.csproj", "{03F04595-18BC-411B-901F-54166F4F7CBD}"
EndProject
Project("{FAE04EC0-301F-11D3-BF4B-00C04F79EFBC}") = "SkyPhotoMasking.Validator", "src\SkyPhotoMasking\Validator\SkyPhotoMasking.Validator.csproj", "{CF6683EC-4BB8-465B-9C0F-2FA00C9254E4}"
EndProject
Project("{FAE04EC0-301F-11D3-BF4B-00C04F79EFBC}") = "SkyPhotoMasking.Tests", "src\SkyPhotoMasking\Tests\SkyPhotoMasking.Tests.csproj", "{98F37822-86EE-4CDD-83D8-9F203D9271B0}"
EndProject
Project("{2150E333-8FDC-42A3-9474-1A3956D46DE8}") = "SolarPositionAndShading", "SolarPositionAndShading", "{85F9D363-2665-8B0F-C122-C0216CDE2272}"
EndProject
Project("{FAE04EC0-301F-11D3-BF4B-00C04F79EFBC}") = "SolarShade.Shading", "src\SolarPositionAndShading\SolarShade.Shading\SolarShade.Shading.csproj", "{0E277607-A988-4637-AF1D-800811B8BEA8}"
EndProject
Project("{FAE04EC0-301F-11D3-BF4B-00C04F79EFBC}") = "SolarShade.Shading.Validator", "src\SolarPositionAndShading\Validator\SolarShade.Shading.Validator.csproj", "{84547C2C-F3B0-487F-AB13-724906F308AD}"
EndProject
Project("{FAE04EC0-301F-11D3-BF4B-00C04F79EFBC}") = "SolarShade.Shading.Tests", "src\SolarPositionAndShading\Tests\SolarShade.Shading.Tests.csproj", "{600322C5-20F8-4FC6-B1BA-F41B877ADB0C}"
EndProject
Project("{2150E333-8FDC-42A3-9474-1A3956D46DE8}") = "ShadingCorrectionApplication", "ShadingCorrectionApplication", "{5B8A895A-1690-45DB-2687-8234C02AA596}"
EndProject
Project("{FAE04EC0-301F-11D3-BF4B-00C04F79EFBC}") = "SolarShade.ShadingCorrection", "src\ShadingCorrectionApplication\SolarShade.ShadingCorrection\SolarShade.ShadingCorrection.csproj", "{8078F6E9-E3F5-4310-A44F-04EBD77C6683}"
EndProject
Project("{FAE04EC0-301F-11D3-BF4B-00C04F79EFBC}") = "SolarShade.ShadingCorrection.Tests", "src\ShadingCorrectionApplication\Tests\SolarShade.ShadingCorrection.Tests.csproj", "{D4FCFE02-B9E3-4200-8AA5-7E20578D3410}"
EndProject
Project("{2150E333-8FDC-42A3-9474-1A3956D46DE8}") = "IrradianceTransposition", "IrradianceTransposition", "{2B111593-C23B-8767-C6D3-CA14C96010DC}"
EndProject
Project("{FAE04EC0-301F-11D3-BF4B-00C04F79EFBC}") = "SolarShade.Irradiance.Transposition", "src\IrradianceTransposition\SolarShade.Irradiance.Transposition\SolarShade.Irradiance.Transposition.csproj", "{9FF8A299-AEAE-4004-B4F7-09E3E234B591}"
EndProject
Project("{FAE04EC0-301F-11D3-BF4B-00C04F79EFBC}") = "SolarShade.Irradiance.Transposition.Validator", "src\IrradianceTransposition\Validator\SolarShade.Irradiance.Transposition.Validator.csproj", "{EB384F10-7C55-4295-986F-043053FDB717}"
EndProject
Project("{FAE04EC0-301F-11D3-BF4B-00C04F79EFBC}") = "SolarShade.Irradiance.Transposition.Tests", "src\IrradianceTransposition\Tests\SolarShade.Irradiance.Transposition.Tests.csproj", "{E3B97448-37A3-453A-8652-F47FA349EDB7}"
EndProject
Project("{FAE04EC0-301F-11D3-BF4B-00C04F79EFBC}") = "SolarShade.Desktop", "src\ApplicationFrontend\ApplicationFrontend.csproj", "{1830AA64-C630-4077-86E8-D6F046A18583}"
EndProject
Project("{2150E333-8FDC-42A3-9474-1A3956D46DE8}") = "SolarPositionAndShading", "SolarPositionAndShading", "{599F6775-B07D-9914-925C-3916C18210F7}"
EndProject
Project("{2150E333-8FDC-42A3-9474-1A3956D46DE8}") = "IrradianceTransposition", "IrradianceTransposition", "{39F9B8DC-9924-E3AD-EABE-908613B6C013}"
EndProject
Project("{2150E333-8FDC-42A3-9474-1A3956D46DE8}") = "ApplicationFrontend", "ApplicationFrontend", "{E28045B4-C9CF-0EB5-5B37-056F08C5DF3F}"
EndProject
Project("{2150E333-8FDC-42A3-9474-1A3956D46DE8}") = "Tests", "Tests", "{63BDEFD7-366F-9248-F719-6423D8DFC5DF}"
EndProject
Project("{FAE04EC0-301F-11D3-BF4B-00C04F79EFBC}") = "ApplicationFrontend.Tests", "src\ApplicationFrontend\Tests\ApplicationFrontend.Tests.csproj", "{E407C4C9-53BE-41EB-AEE9-5EC383E07A12}"
EndProject
Project("{2150E333-8FDC-42A3-9474-1A3956D46DE8}") = "PvBatterySimulation", "PvBatterySimulation", "{3D75D8D5-C0F2-7DB7-483C-1EDBEF7859E0}"
EndProject
Project("{FAE04EC0-301F-11D3-BF4B-00C04F79EFBC}") = "SolarShade.PvBattery", "src\PvBatterySimulation\SolarShade.PvBattery\SolarShade.PvBattery.csproj", "{0DEC6550-C840-43CC-B46B-7BF08449ACB0}"
EndProject
Project("{FAE04EC0-301F-11D3-BF4B-00C04F79EFBC}") = "SolarShade.PvBattery.IO", "src\PvBatterySimulation\SolarShade.PvBattery.IO\SolarShade.PvBattery.IO.csproj", "{70E165A8-00D8-45E2-B0F4-2690971C6AE5}"
EndProject
Project("{FAE04EC0-301F-11D3-BF4B-00C04F79EFBC}") = "SolarShade.PvBattery.Integration", "src\PvBatterySimulation\SolarShade.PvBattery.Integration\SolarShade.PvBattery.Integration.csproj", "{26CB11BD-6ADD-43A3-A631-BC25AF2DE268}"
EndProject
Project("{FAE04EC0-301F-11D3-BF4B-00C04F79EFBC}") = "SolarShade.PvBattery.Tests", "src\PvBatterySimulation\Tests\SolarShade.PvBattery.Tests.csproj", "{3FF854F4-337E-4818-A1E3-365448027F7F}"
EndProject
Project("{FAE04EC0-301F-11D3-BF4B-00C04F79EFBC}") = "SolarShade.PvBattery.Validator", "src\PvBatterySimulation\Validator\SolarShade.PvBattery.Validator.csproj", "{A5805320-9946-4768-BCC3-0F037A89440F}"
EndProject
Project("{FAE04EC0-301F-11D3-BF4B-00C04F79EFBC}") = "SolarShade.PvBattery.IntegrationTests", "src\PvBatterySimulation\IntegrationTests\SolarShade.PvBattery.IntegrationTests.csproj", "{D9C01E3F-B290-4472-A50B-EA2DD35425FE}"
EndProject
Global
	GlobalSection(SolutionConfigurationPlatforms) = preSolution
		Debug|Any CPU = Debug|Any CPU
		Debug|x64 = Debug|x64
		Debug|x86 = Debug|x86
		Release|Any CPU = Release|Any CPU
		Release|x64 = Release|x64
		Release|x86 = Release|x86
	EndGlobalSection
	GlobalSection(ProjectConfigurationPlatforms) = postSolution
		{1A67D4B8-0A6D-4B7C-BF12-9C55E3AC3D91}.Debug|Any CPU.ActiveCfg = Debug|Any CPU
		{1A67D4B8-0A6D-4B7C-BF12-9C55E3AC3D91}.Debug|Any CPU.Build.0 = Debug|Any CPU
		{1A67D4B8-0A6D-4B7C-BF12-9C55E3AC3D91}.Debug|x64.ActiveCfg = Debug|Any CPU
		{1A67D4B8-0A6D-4B7C-BF12-9C55E3AC3D91}.Debug|x64.Build.0 = Debug|Any CPU
		{1A67D4B8-0A6D-4B7C-BF12-9C55E3AC3D91}.Debug|x86.ActiveCfg = Debug|Any CPU
		{1A67D4B8-0A6D-4B7C-BF12-9C55E3AC3D91}.Debug|x86.Build.0 = Debug|Any CPU
		{1A67D4B8-0A6D-4B7C-BF12-9C55E3AC3D91}.Release|Any CPU.ActiveCfg = Release|Any CPU
		{1A67D4B8-0A6D-4B7C-BF12-9C55E3AC3D91}.Release|Any CPU.Build.0 = Release|Any CPU
		{1A67D4B8-0A6D-4B7C-BF12-9C55E3AC3D91}.Release|x64.ActiveCfg = Release|Any CPU
		{1A67D4B8-0A6D-4B7C-BF12-9C55E3AC3D91}.Release|x64.Build.0 = Release|Any CPU
		{1A67D4B8-0A6D-4B7C-BF12-9C55E3AC3D91}.Release|x86.ActiveCfg = Release|Any CPU
		{1A67D4B8-0A6D-4B7C-BF12-9C55E3AC3D91}.Release|x86.Build.0 = Release|Any CPU
		{B5E144B9-A0D0-4098-85A8-559163833A31}.Debug|Any CPU.ActiveCfg = Debug|Any CPU
		{B5E144B9-A0D0-4098-85A8-559163833A31}.Debug|Any CPU.Build.0 = Debug|Any CPU
		{B5E144B9-A0D0-4098-85A8-559163833A31}.Debug|x64.ActiveCfg = Debug|Any CPU
		{B5E144B9-A0D0-4098-85A8-559163833A31}.Debug|x64.Build.0 = Debug|Any CPU
		{B5E144B9-A0D0-4098-85A8-559163833A31}.Debug|x86.ActiveCfg = Debug|Any CPU
		{B5E144B9-A0D0-4098-85A8-559163833A31}.Debug|x86.Build.0 = Debug|Any CPU
		{B5E144B9-A0D0-4098-85A8-559163833A31}.Release|Any CPU.ActiveCfg = Release|Any CPU
		{B5E144B9-A0D0-4098-85A8-559163833A31}.Release|Any CPU.Build.0 = Release|Any CPU
		{B5E144B9-A0D0-4098-85A8-559163833A31}.Release|x64.ActiveCfg = Release|Any CPU
		{B5E144B9-A0D0-4098-85A8-559163833A31}.Release|x64.Build.0 = Release|Any CPU
		{B5E144B9-A0D0-4098-85A8-559163833A31}.Release|x86.ActiveCfg = Release|Any CPU
		{B5E144B9-A0D0-4098-85A8-559163833A31}.Release|x86.Build.0 = Release|Any CPU
		{4B81D648-A52E-4D17-9F16-95DE53CF9FE5}.Debug|Any CPU.ActiveCfg = Debug|Any CPU
		{4B81D648-A52E-4D17-9F16-95DE53CF9FE5}.Debug|Any CPU.Build.0 = Debug|Any CPU
		{4B81D648-A52E-4D17-9F16-95DE53CF9FE5}.Debug|x64.ActiveCfg = Debug|Any CPU
		{4B81D648-A52E-4D17-9F16-95DE53CF9FE5}.Debug|x64.Build.0 = Debug|Any CPU
		{4B81D648-A52E-4D17-9F16-95DE53CF9FE5}.Debug|x86.ActiveCfg = Debug|Any CPU
		{4B81D648-A52E-4D17-9F16-95DE53CF9FE5}.Debug|x86.Build.0 = Debug|Any CPU
		{4B81D648-A52E-4D17-9F16-95DE53CF9FE5}.Release|Any CPU.ActiveCfg = Release|Any CPU
		{4B81D648-A52E-4D17-9F16-95DE53CF9FE5}.Release|Any CPU.Build.0 = Release|Any CPU
		{4B81D648-A52E-4D17-9F16-95DE53CF9FE5}.Release|x64.ActiveCfg = Release|Any CPU
		{4B81D648-A52E-4D17-9F16-95DE53CF9FE5}.Release|x64.Build.0 = Release|Any CPU
		{4B81D648-A52E-4D17-9F16-95DE53CF9FE5}.Release|x86.ActiveCfg = Release|Any CPU
		{4B81D648-A52E-4D17-9F16-95DE53CF9FE5}.Release|x86.Build.0 = Release|Any CPU
		{A8D36E73-B872-4262-89DC-FDBD916F0174}.Debug|Any CPU.ActiveCfg = Debug|Any CPU
		{A8D36E73-B872-4262-89DC-FDBD916F0174}.Debug|Any CPU.Build.0 = Debug|Any CPU
		{A8D36E73-B872-4262-89DC-FDBD916F0174}.Debug|x64.ActiveCfg = Debug|Any CPU
		{A8D36E73-B872-4262-89DC-FDBD916F0174}.Debug|x64.Build.0 = Debug|Any CPU
		{A8D36E73-B872-4262-89DC-FDBD916F0174}.Debug|x86.ActiveCfg = Debug|Any CPU
		{A8D36E73-B872-4262-89DC-FDBD916F0174}.Debug|x86.Build.0 = Debug|Any CPU
		{A8D36E73-B872-4262-89DC-FDBD916F0174}.Release|Any CPU.ActiveCfg = Release|Any CPU
		{A8D36E73-B872-4262-89DC-FDBD916F0174}.Release|Any CPU.Build.0 = Release|Any CPU
		{A8D36E73-B872-4262-89DC-FDBD916F0174}.Release|x64.ActiveCfg = Release|Any CPU
		{A8D36E73-B872-4262-89DC-FDBD916F0174}.Release|x64.Build.0 = Release|Any CPU
		{A8D36E73-B872-4262-89DC-FDBD916F0174}.Release|x86.ActiveCfg = Release|Any CPU
		{A8D36E73-B872-4262-89DC-FDBD916F0174}.Release|x86.Build.0 = Release|Any CPU
		{45F47EE4-FFD2-487F-ABA7-C15AEFFC1766}.Debug|Any CPU.ActiveCfg = Debug|Any CPU
		{45F47EE4-FFD2-487F-ABA7-C15AEFFC1766}.Debug|Any CPU.Build.0 = Debug|Any CPU
		{45F47EE4-FFD2-487F-ABA7-C15AEFFC1766}.Debug|x64.ActiveCfg = Debug|Any CPU
		{45F47EE4-FFD2-487F-ABA7-C15AEFFC1766}.Debug|x64.Build.0 = Debug|Any CPU
		{45F47EE4-FFD2-487F-ABA7-C15AEFFC1766}.Debug|x86.ActiveCfg = Debug|Any CPU
		{45F47EE4-FFD2-487F-ABA7-C15AEFFC1766}.Debug|x86.Build.0 = Debug|Any CPU
		{45F47EE4-FFD2-487F-ABA7-C15AEFFC1766}.Release|Any CPU.ActiveCfg = Release|Any CPU
		{45F47EE4-FFD2-487F-ABA7-C15AEFFC1766}.Release|Any CPU.Build.0 = Release|Any CPU
		{45F47EE4-FFD2-487F-ABA7-C15AEFFC1766}.Release|x64.ActiveCfg = Release|Any CPU
		{45F47EE4-FFD2-487F-ABA7-C15AEFFC1766}.Release|x64.Build.0 = Release|Any CPU
		{45F47EE4-FFD2-487F-ABA7-C15AEFFC1766}.Release|x86.ActiveCfg = Release|Any CPU
		{45F47EE4-FFD2-487F-ABA7-C15AEFFC1766}.Release|x86.Build.0 = Release|Any CPU
		{F77F02F3-560A-47FD-A89F-B1338FEB102F}.Debug|Any CPU.ActiveCfg = Debug|Any CPU
		{F77F02F3-560A-47FD-A89F-B1338FEB102F}.Debug|Any CPU.Build.0 = Debug|Any CPU
		{F77F02F3-560A-47FD-A89F-B1338FEB102F}.Debug|x64.ActiveCfg = Debug|Any CPU
		{F77F02F3-560A-47FD-A89F-B1338FEB102F}.Debug|x64.Build.0 = Debug|Any CPU
		{F77F02F3-560A-47FD-A89F-B1338FEB102F}.Debug|x86.ActiveCfg = Debug|Any CPU
		{F77F02F3-560A-47FD-A89F-B1338FEB102F}.Debug|x86.Build.0 = Debug|Any CPU
		{F77F02F3-560A-47FD-A89F-B1338FEB102F}.Release|Any CPU.ActiveCfg = Release|Any CPU
		{F77F02F3-560A-47FD-A89F-B1338FEB102F}.Release|Any CPU.Build.0 = Release|Any CPU
		{F77F02F3-560A-47FD-A89F-B1338FEB102F}.Release|x64.ActiveCfg = Release|Any CPU
		{F77F02F3-560A-47FD-A89F-B1338FEB102F}.Release|x64.Build.0 = Release|Any CPU
		{F77F02F3-560A-47FD-A89F-B1338FEB102F}.Release|x86.ActiveCfg = Release|Any CPU
		{F77F02F3-560A-47FD-A89F-B1338FEB102F}.Release|x86.Build.0 = Release|Any CPU
		{DB126945-8458-4393-B823-7ACE2848D334}.Debug|Any CPU.ActiveCfg = Debug|Any CPU
		{DB126945-8458-4393-B823-7ACE2848D334}.Debug|Any CPU.Build.0 = Debug|Any CPU
		{DB126945-8458-4393-B823-7ACE2848D334}.Debug|x64.ActiveCfg = Debug|Any CPU
		{DB126945-8458-4393-B823-7ACE2848D334}.Debug|x64.Build.0 = Debug|Any CPU
		{DB126945-8458-4393-B823-7ACE2848D334}.Debug|x86.ActiveCfg = Debug|Any CPU
		{DB126945-8458-4393-B823-7ACE2848D334}.Debug|x86.Build.0 = Debug|Any CPU
		{DB126945-8458-4393-B823-7ACE2848D334}.Release|Any CPU.ActiveCfg = Release|Any CPU
		{DB126945-8458-4393-B823-7ACE2848D334}.Release|Any CPU.Build.0 = Release|Any CPU
		{DB126945-8458-4393-B823-7ACE2848D334}.Release|x64.ActiveCfg = Release|Any CPU
		{DB126945-8458-4393-B823-7ACE2848D334}.Release|x64.Build.0 = Release|Any CPU
		{DB126945-8458-4393-B823-7ACE2848D334}.Release|x86.ActiveCfg = Release|Any CPU
		{DB126945-8458-4393-B823-7ACE2848D334}.Release|x86.Build.0 = Release|Any CPU
		{AAC4F784-EC9F-494A-A6F2-DD9E779C4252}.Debug|Any CPU.ActiveCfg = Debug|Any CPU
		{AAC4F784-EC9F-494A-A6F2-DD9E779C4252}.Debug|Any CPU.Build.0 = Debug|Any CPU
		{AAC4F784-EC9F-494A-A6F2-DD9E779C4252}.Debug|x64.ActiveCfg = Debug|Any CPU
		{AAC4F784-EC9F-494A-A6F2-DD9E779C4252}.Debug|x64.Build.0 = Debug|Any CPU
		{AAC4F784-EC9F-494A-A6F2-DD9E779C4252}.Debug|x86.ActiveCfg = Debug|Any CPU
		{AAC4F784-EC9F-494A-A6F2-DD9E779C4252}.Debug|x86.Build.0 = Debug|Any CPU
		{AAC4F784-EC9F-494A-A6F2-DD9E779C4252}.Release|Any CPU.ActiveCfg = Release|Any CPU
		{AAC4F784-EC9F-494A-A6F2-DD9E779C4252}.Release|Any CPU.Build.0 = Release|Any CPU
		{AAC4F784-EC9F-494A-A6F2-DD9E779C4252}.Release|x64.ActiveCfg = Release|Any CPU
		{AAC4F784-EC9F-494A-A6F2-DD9E779C4252}.Release|x64.Build.0 = Release|Any CPU
		{AAC4F784-EC9F-494A-A6F2-DD9E779C4252}.Release|x86.ActiveCfg = Release|Any CPU
		{AAC4F784-EC9F-494A-A6F2-DD9E779C4252}.Release|x86.Build.0 = Release|Any CPU
		{16BF32B0-5F7A-4624-A467-7C18B8E77563}.Debug|Any CPU.ActiveCfg = Debug|Any CPU
		{16BF32B0-5F7A-4624-A467-7C18B8E77563}.Debug|Any CPU.Build.0 = Debug|Any CPU
		{16BF32B0-5F7A-4624-A467-7C18B8E77563}.Debug|x64.ActiveCfg = Debug|Any CPU
		{16BF32B0-5F7A-4624-A467-7C18B8E77563}.Debug|x64.Build.0 = Debug|Any CPU
		{16BF32B0-5F7A-4624-A467-7C18B8E77563}.Debug|x86.ActiveCfg = Debug|Any CPU
		{16BF32B0-5F7A-4624-A467-7C18B8E77563}.Debug|x86.Build.0 = Debug|Any CPU
		{16BF32B0-5F7A-4624-A467-7C18B8E77563}.Release|Any CPU.ActiveCfg = Release|Any CPU
		{16BF32B0-5F7A-4624-A467-7C18B8E77563}.Release|Any CPU.Build.0 = Release|Any CPU
		{16BF32B0-5F7A-4624-A467-7C18B8E77563}.Release|x64.ActiveCfg = Release|Any CPU
		{16BF32B0-5F7A-4624-A467-7C18B8E77563}.Release|x64.Build.0 = Release|Any CPU
		{16BF32B0-5F7A-4624-A467-7C18B8E77563}.Release|x86.ActiveCfg = Release|Any CPU
		{16BF32B0-5F7A-4624-A467-7C18B8E77563}.Release|x86.Build.0 = Release|Any CPU
		{57A929DD-1CE7-489F-9C65-6A501D8FBDF0}.Debug|Any CPU.ActiveCfg = Debug|Any CPU
		{57A929DD-1CE7-489F-9C65-6A501D8FBDF0}.Debug|Any CPU.Build.0 = Debug|Any CPU
		{57A929DD-1CE7-489F-9C65-6A501D8FBDF0}.Debug|x64.ActiveCfg = Debug|Any CPU
		{57A929DD-1CE7-489F-9C65-6A501D8FBDF0}.Debug|x64.Build.0 = Debug|Any CPU
		{57A929DD-1CE7-489F-9C65-6A501D8FBDF0}.Debug|x86.ActiveCfg = Debug|Any CPU
		{57A929DD-1CE7-489F-9C65-6A501D8FBDF0}.Debug|x86.Build.0 = Debug|Any CPU
		{57A929DD-1CE7-489F-9C65-6A501D8FBDF0}.Release|Any CPU.ActiveCfg = Release|Any CPU
		{57A929DD-1CE7-489F-9C65-6A501D8FBDF0}.Release|Any CPU.Build.0 = Release|Any CPU
		{57A929DD-1CE7-489F-9C65-6A501D8FBDF0}.Release|x64.ActiveCfg = Release|Any CPU
		{57A929DD-1CE7-489F-9C65-6A501D8FBDF0}.Release|x64.Build.0 = Release|Any CPU
		{57A929DD-1CE7-489F-9C65-6A501D8FBDF0}.Release|x86.ActiveCfg = Release|Any CPU
		{57A929DD-1CE7-489F-9C65-6A501D8FBDF0}.Release|x86.Build.0 = Release|Any CPU
		{03F04595-18BC-411B-901F-54166F4F7CBD}.Debug|Any CPU.ActiveCfg = Debug|Any CPU
		{03F04595-18BC-411B-901F-54166F4F7CBD}.Debug|Any CPU.Build.0 = Debug|Any CPU
		{03F04595-18BC-411B-901F-54166F4F7CBD}.Debug|x64.ActiveCfg = Debug|Any CPU
		{03F04595-18BC-411B-901F-54166F4F7CBD}.Debug|x64.Build.0 = Debug|Any CPU
		{03F04595-18BC-411B-901F-54166F4F7CBD}.Debug|x86.ActiveCfg = Debug|Any CPU
		{03F04595-18BC-411B-901F-54166F4F7CBD}.Debug|x86.Build.0 = Debug|Any CPU
		{03F04595-18BC-411B-901F-54166F4F7CBD}.Release|Any CPU.ActiveCfg = Release|Any CPU
		{03F04595-18BC-411B-901F-54166F4F7CBD}.Release|Any CPU.Build.0 = Release|Any CPU
		{03F04595-18BC-411B-901F-54166F4F7CBD}.Release|x64.ActiveCfg = Release|Any CPU
		{03F04595-18BC-411B-901F-54166F4F7CBD}.Release|x64.Build.0 = Release|Any CPU
		{03F04595-18BC-411B-901F-54166F4F7CBD}.Release|x86.ActiveCfg = Release|Any CPU
		{03F04595-18BC-411B-901F-54166F4F7CBD}.Release|x86.Build.0 = Release|Any CPU
		{CF6683EC-4BB8-465B-9C0F-2FA00C9254E4}.Debug|Any CPU.ActiveCfg = Debug|Any CPU
		{CF6683EC-4BB8-465B-9C0F-2FA00C9254E4}.Debug|Any CPU.Build.0 = Debug|Any CPU
		{CF6683EC-4BB8-465B-9C0F-2FA00C9254E4}.Debug|x64.ActiveCfg = Debug|Any CPU
		{CF6683EC-4BB8-465B-9C0F-2FA00C9254E4}.Debug|x64.Build.0 = Debug|Any CPU
		{CF6683EC-4BB8-465B-9C0F-2FA00C9254E4}.Debug|x86.ActiveCfg = Debug|Any CPU
		{CF6683EC-4BB8-465B-9C0F-2FA00C9254E4}.Debug|x86.Build.0 = Debug|Any CPU
		{CF6683EC-4BB8-465B-9C0F-2FA00C9254E4}.Release|Any CPU.ActiveCfg = Release|Any CPU
		{CF6683EC-4BB8-465B-9C0F-2FA00C9254E4}.Release|Any CPU.Build.0 = Release|Any CPU
		{CF6683EC-4BB8-465B-9C0F-2FA00C9254E4}.Release|x64.ActiveCfg = Release|Any CPU
		{CF6683EC-4BB8-465B-9C0F-2FA00C9254E4}.Release|x64.Build.0 = Release|Any CPU
		{CF6683EC-4BB8-465B-9C0F-2FA00C9254E4}.Release|x86.ActiveCfg = Release|Any CPU
		{CF6683EC-4BB8-465B-9C0F-2FA00C9254E4}.Release|x86.Build.0 = Release|Any CPU
		{98F37822-86EE-4CDD-83D8-9F203D9271B0}.Debug|Any CPU.ActiveCfg = Debug|Any CPU
		{98F37822-86EE-4CDD-83D8-9F203D9271B0}.Debug|Any CPU.Build.0 = Debug|Any CPU
		{98F37822-86EE-4CDD-83D8-9F203D9271B0}.Debug|x64.ActiveCfg = Debug|Any CPU
		{98F37822-86EE-4CDD-83D8-9F203D9271B0}.Debug|x64.Build.0 = Debug|Any CPU
		{98F37822-86EE-4CDD-83D8-9F203D9271B0}.Debug|x86.ActiveCfg = Debug|Any CPU
		{98F37822-86EE-4CDD-83D8-9F203D9271B0}.Debug|x86.Build.0 = Debug|Any CPU
		{98F37822-86EE-4CDD-83D8-9F203D9271B0}.Release|Any CPU.ActiveCfg = Release|Any CPU
		{98F37822-86EE-4CDD-83D8-9F203D9271B0}.Release|Any CPU.Build.0 = Release|Any CPU
		{98F37822-86EE-4CDD-83D8-9F203D9271B0}.Release|x64.ActiveCfg = Release|Any CPU
		{98F37822-86EE-4CDD-83D8-9F203D9271B0}.Release|x64.Build.0 = Release|Any CPU
		{98F37822-86EE-4CDD-83D8-9F203D9271B0}.Release|x86.ActiveCfg = Release|Any CPU
		{98F37822-86EE-4CDD-83D8-9F203D9271B0}.Release|x86.Build.0 = Release|Any CPU
		{0E277607-A988-4637-AF1D-800811B8BEA8}.Debug|Any CPU.ActiveCfg = Debug|Any CPU
		{0E277607-A988-4637-AF1D-800811B8BEA8}.Debug|Any CPU.Build.0 = Debug|Any CPU
		{0E277607-A988-4637-AF1D-800811B8BEA8}.Debug|x64.ActiveCfg = Debug|Any CPU
		{0E277607-A988-4637-AF1D-800811B8BEA8}.Debug|x64.Build.0 = Debug|Any CPU
		{0E277607-A988-4637-AF1D-800811B8BEA8}.Debug|x86.ActiveCfg = Debug|Any CPU
		{0E277607-A988-4637-AF1D-800811B8BEA8}.Debug|x86.Build.0 = Debug|Any CPU
		{0E277607-A988-4637-AF1D-800811B8BEA8}.Release|Any CPU.ActiveCfg = Release|Any CPU
		{0E277607-A988-4637-AF1D-800811B8BEA8}.Release|Any CPU.Build.0 = Release|Any CPU
		{0E277607-A988-4637-AF1D-800811B8BEA8}.Release|x64.ActiveCfg = Release|Any CPU
		{0E277607-A988-4637-AF1D-800811B8BEA8}.Release|x64.Build.0 = Release|Any CPU
		{0E277607-A988-4637-AF1D-800811B8BEA8}.Release|x86.ActiveCfg = Release|Any CPU
		{0E277607-A988-4637-AF1D-800811B8BEA8}.Release|x86.Build.0 = Release|Any CPU
		{84547C2C-F3B0-487F-AB13-724906F308AD}.Debug|Any CPU.ActiveCfg = Debug|Any CPU
		{84547C2C-F3B0-487F-AB13-724906F308AD}.Debug|Any CPU.Build.0 = Debug|Any CPU
		{84547C2C-F3B0-487F-AB13-724906F308AD}.Debug|x64.ActiveCfg = Debug|Any CPU
		{84547C2C-F3B0-487F-AB13-724906F308AD}.Debug|x64.Build.0 = Debug|Any CPU
		{84547C2C-F3B0-487F-AB13-724906F308AD}.Debug|x86.ActiveCfg = Debug|Any CPU
		{84547C2C-F3B0-487F-AB13-724906F308AD}.Debug|x86.Build.0 = Debug|Any CPU
		{84547C2C-F3B0-487F-AB13-724906F308AD}.Release|Any CPU.ActiveCfg = Release|Any CPU
		{84547C2C-F3B0-487F-AB13-724906F308AD}.Release|Any CPU.Build.0 = Release|Any CPU
		{84547C2C-F3B0-487F-AB13-724906F308AD}.Release|x64.ActiveCfg = Release|Any CPU
		{84547C2C-F3B0-487F-AB13-724906F308AD}.Release|x64.Build.0 = Release|Any CPU
		{84547C2C-F3B0-487F-AB13-724906F308AD}.Release|x86.ActiveCfg = Release|Any CPU
		{84547C2C-F3B0-487F-AB13-724906F308AD}.Release|x86.Build.0 = Release|Any CPU
		{600322C5-20F8-4FC6-B1BA-F41B877ADB0C}.Debug|Any CPU.ActiveCfg = Debug|Any CPU
		{600322C5-20F8-4FC6-B1BA-F41B877ADB0C}.Debug|Any CPU.Build.0 = Debug|Any CPU
		{600322C5-20F8-4FC6-B1BA-F41B877ADB0C}.Debug|x64.ActiveCfg = Debug|Any CPU
		{600322C5-20F8-4FC6-B1BA-F41B877ADB0C}.Debug|x64.Build.0 = Debug|Any CPU
		{600322C5-20F8-4FC6-B1BA-F41B877ADB0C}.Debug|x86.ActiveCfg = Debug|Any CPU
		{600322C5-20F8-4FC6-B1BA-F41B877ADB0C}.Debug|x86.Build.0 = Debug|Any CPU
		{600322C5-20F8-4FC6-B1BA-F41B877ADB0C}.Release|Any CPU.ActiveCfg = Release|Any CPU
		{600322C5-20F8-4FC6-B1BA-F41B877ADB0C}.Release|Any CPU.Build.0 = Release|Any CPU
		{600322C5-20F8-4FC6-B1BA-F41B877ADB0C}.Release|x64.ActiveCfg = Release|Any CPU
		{600322C5-20F8-4FC6-B1BA-F41B877ADB0C}.Release|x64.Build.0 = Release|Any CPU
		{600322C5-20F8-4FC6-B1BA-F41B877ADB0C}.Release|x86.ActiveCfg = Release|Any CPU
		{600322C5-20F8-4FC6-B1BA-F41B877ADB0C}.Release|x86.Build.0 = Release|Any CPU
		{8078F6E9-E3F5-4310-A44F-04EBD77C6683}.Debug|Any CPU.ActiveCfg = Debug|Any CPU
		{8078F6E9-E3F5-4310-A44F-04EBD77C6683}.Debug|Any CPU.Build.0 = Debug|Any CPU
		{8078F6E9-E3F5-4310-A44F-04EBD77C6683}.Debug|x64.ActiveCfg = Debug|Any CPU
		{8078F6E9-E3F5-4310-A44F-04EBD77C6683}.Debug|x64.Build.0 = Debug|Any CPU
		{8078F6E9-E3F5-4310-A44F-04EBD77C6683}.Debug|x86.ActiveCfg = Debug|Any CPU
		{8078F6E9-E3F5-4310-A44F-04EBD77C6683}.Debug|x86.Build.0 = Debug|Any CPU
		{8078F6E9-E3F5-4310-A44F-04EBD77C6683}.Release|Any CPU.ActiveCfg = Release|Any CPU
		{8078F6E9-E3F5-4310-A44F-04EBD77C6683}.Release|Any CPU.Build.0 = Release|Any CPU
		{8078F6E9-E3F5-4310-A44F-04EBD77C6683}.Release|x64.ActiveCfg = Release|Any CPU
		{8078F6E9-E3F5-4310-A44F-04EBD77C6683}.Release|x64.Build.0 = Release|Any CPU
		{8078F6E9-E3F5-4310-A44F-04EBD77C6683}.Release|x86.ActiveCfg = Release|Any CPU
		{8078F6E9-E3F5-4310-A44F-04EBD77C6683}.Release|x86.Build.0 = Release|Any CPU
		{D4FCFE02-B9E3-4200-8AA5-7E20578D3410}.Debug|Any CPU.ActiveCfg = Debug|Any CPU
		{D4FCFE02-B9E3-4200-8AA5-7E20578D3410}.Debug|Any CPU.Build.0 = Debug|Any CPU
		{D4FCFE02-B9E3-4200-8AA5-7E20578D3410}.Debug|x64.ActiveCfg = Debug|Any CPU
		{D4FCFE02-B9E3-4200-8AA5-7E20578D3410}.Debug|x64.Build.0 = Debug|Any CPU
		{D4FCFE02-B9E3-4200-8AA5-7E20578D3410}.Debug|x86.ActiveCfg = Debug|Any CPU
		{D4FCFE02-B9E3-4200-8AA5-7E20578D3410}.Debug|x86.Build.0 = Debug|Any CPU
		{D4FCFE02-B9E3-4200-8AA5-7E20578D3410}.Release|Any CPU.ActiveCfg = Release|Any CPU
		{D4FCFE02-B9E3-4200-8AA5-7E20578D3410}.Release|Any CPU.Build.0 = Release|Any CPU
		{D4FCFE02-B9E3-4200-8AA5-7E20578D3410}.Release|x64.ActiveCfg = Release|Any CPU
		{D4FCFE02-B9E3-4200-8AA5-7E20578D3410}.Release|x64.Build.0 = Release|Any CPU
		{D4FCFE02-B9E3-4200-8AA5-7E20578D3410}.Release|x86.ActiveCfg = Release|Any CPU
		{D4FCFE02-B9E3-4200-8AA5-7E20578D3410}.Release|x86.Build.0 = Release|Any CPU
		{9FF8A299-AEAE-4004-B4F7-09E3E234B591}.Debug|Any CPU.ActiveCfg = Debug|Any CPU
		{9FF8A299-AEAE-4004-B4F7-09E3E234B591}.Debug|Any CPU.Build.0 = Debug|Any CPU
		{9FF8A299-AEAE-4004-B4F7-09E3E234B591}.Debug|x64.ActiveCfg = Debug|Any CPU
		{9FF8A299-AEAE-4004-B4F7-09E3E234B591}.Debug|x64.Build.0 = Debug|Any CPU
		{9FF8A299-AEAE-4004-B4F7-09E3E234B591}.Debug|x86.ActiveCfg = Debug|Any CPU
		{9FF8A299-AEAE-4004-B4F7-09E3E234B591}.Debug|x86.Build.0 = Debug|Any CPU
		{9FF8A299-AEAE-4004-B4F7-09E3E234B591}.Release|Any CPU.ActiveCfg = Release|Any CPU
		{9FF8A299-AEAE-4004-B4F7-09E3E234B591}.Release|Any CPU.Build.0 = Release|Any CPU
		{9FF8A299-AEAE-4004-B4F7-09E3E234B591}.Release|x64.ActiveCfg = Release|Any CPU
		{9FF8A299-AEAE-4004-B4F7-09E3E234B591}.Release|x64.Build.0 = Release|Any CPU
		{9FF8A299-AEAE-4004-B4F7-09E3E234B591}.Release|x86.ActiveCfg = Release|Any CPU
		{9FF8A299-AEAE-4004-B4F7-09E3E234B591}.Release|x86.Build.0 = Release|Any CPU
		{EB384F10-7C55-4295-986F-043053FDB717}.Debug|Any CPU.ActiveCfg = Debug|Any CPU
		{EB384F10-7C55-4295-986F-043053FDB717}.Debug|Any CPU.Build.0 = Debug|Any CPU
		{EB384F10-7C55-4295-986F-043053FDB717}.Debug|x64.ActiveCfg = Debug|Any CPU
		{EB384F10-7C55-4295-986F-043053FDB717}.Debug|x64.Build.0 = Debug|Any CPU
		{EB384F10-7C55-4295-986F-043053FDB717}.Debug|x86.ActiveCfg = Debug|Any CPU
		{EB384F10-7C55-4295-986F-043053FDB717}.Debug|x86.Build.0 = Debug|Any CPU
		{EB384F10-7C55-4295-986F-043053FDB717}.Release|Any CPU.ActiveCfg = Release|Any CPU
		{EB384F10-7C55-4295-986F-043053FDB717}.Release|Any CPU.Build.0 = Release|Any CPU
		{EB384F10-7C55-4295-986F-043053FDB717}.Release|x64.ActiveCfg = Release|Any CPU
		{EB384F10-7C55-4295-986F-043053FDB717}.Release|x64.Build.0 = Release|Any CPU
		{EB384F10-7C55-4295-986F-043053FDB717}.Release|x86.ActiveCfg = Release|Any CPU
		{EB384F10-7C55-4295-986F-043053FDB717}.Release|x86.Build.0 = Release|Any CPU
		{E3B97448-37A3-453A-8652-F47FA349EDB7}.Debug|Any CPU.ActiveCfg = Debug|Any CPU
		{E3B97448-37A3-453A-8652-F47FA349EDB7}.Debug|Any CPU.Build.0 = Debug|Any CPU
		{E3B97448-37A3-453A-8652-F47FA349EDB7}.Debug|x64.ActiveCfg = Debug|Any CPU
		{E3B97448-37A3-453A-8652-F47FA349EDB7}.Debug|x64.Build.0 = Debug|Any CPU
		{E3B97448-37A3-453A-8652-F47FA349EDB7}.Debug|x86.ActiveCfg = Debug|Any CPU
		{E3B97448-37A3-453A-8652-F47FA349EDB7}.Debug|x86.Build.0 = Debug|Any CPU
		{E3B97448-37A3-453A-8652-F47FA349EDB7}.Release|Any CPU.ActiveCfg = Release|Any CPU
		{E3B97448-37A3-453A-8652-F47FA349EDB7}.Release|Any CPU.Build.0 = Release|Any CPU
		{E3B97448-37A3-453A-8652-F47FA349EDB7}.Release|x64.ActiveCfg = Release|Any CPU
		{E3B97448-37A3-453A-8652-F47FA349EDB7}.Release|x64.Build.0 = Release|Any CPU
		{E3B97448-37A3-453A-8652-F47FA349EDB7}.Release|x86.ActiveCfg = Release|Any CPU
		{E3B97448-37A3-453A-8652-F47FA349EDB7}.Release|x86.Build.0 = Release|Any CPU
		{1830AA64-C630-4077-86E8-D6F046A18583}.Debug|Any CPU.ActiveCfg = Debug|Any CPU
		{1830AA64-C630-4077-86E8-D6F046A18583}.Debug|Any CPU.Build.0 = Debug|Any CPU
		{1830AA64-C630-4077-86E8-D6F046A18583}.Debug|x64.ActiveCfg = Debug|Any CPU
		{1830AA64-C630-4077-86E8-D6F046A18583}.Debug|x64.Build.0 = Debug|Any CPU
		{1830AA64-C630-4077-86E8-D6F046A18583}.Debug|x86.ActiveCfg = Debug|Any CPU
		{1830AA64-C630-4077-86E8-D6F046A18583}.Debug|x86.Build.0 = Debug|Any CPU
		{1830AA64-C630-4077-86E8-D6F046A18583}.Release|Any CPU.ActiveCfg = Release|Any CPU
		{1830AA64-C630-4077-86E8-D6F046A18583}.Release|Any CPU.Build.0 = Release|Any CPU
		{1830AA64-C630-4077-86E8-D6F046A18583}.Release|x64.ActiveCfg = Release|Any CPU
		{1830AA64-C630-4077-86E8-D6F046A18583}.Release|x64.Build.0 = Release|Any CPU
		{1830AA64-C630-4077-86E8-D6F046A18583}.Release|x86.ActiveCfg = Release|Any CPU
		{1830AA64-C630-4077-86E8-D6F046A18583}.Release|x86.Build.0 = Release|Any CPU
		{E407C4C9-53BE-41EB-AEE9-5EC383E07A12}.Debug|Any CPU.ActiveCfg = Debug|Any CPU
		{E407C4C9-53BE-41EB-AEE9-5EC383E07A12}.Debug|Any CPU.Build.0 = Debug|Any CPU
		{E407C4C9-53BE-41EB-AEE9-5EC383E07A12}.Debug|x64.ActiveCfg = Debug|Any CPU
		{E407C4C9-53BE-41EB-AEE9-5EC383E07A12}.Debug|x64.Build.0 = Debug|Any CPU
		{E407C4C9-53BE-41EB-AEE9-5EC383E07A12}.Debug|x86.ActiveCfg = Debug|Any CPU
		{E407C4C9-53BE-41EB-AEE9-5EC383E07A12}.Debug|x86.Build.0 = Debug|Any CPU
		{E407C4C9-53BE-41EB-AEE9-5EC383E07A12}.Release|Any CPU.ActiveCfg = Release|Any CPU
		{E407C4C9-53BE-41EB-AEE9-5EC383E07A12}.Release|Any CPU.Build.0 = Release|Any CPU
		{E407C4C9-53BE-41EB-AEE9-5EC383E07A12}.Release|x64.ActiveCfg = Release|Any CPU
		{E407C4C9-53BE-41EB-AEE9-5EC383E07A12}.Release|x64.Build.0 = Release|Any CPU
		{E407C4C9-53BE-41EB-AEE9-5EC383E07A12}.Release|x86.ActiveCfg = Release|Any CPU
		{E407C4C9-53BE-41EB-AEE9-5EC383E07A12}.Release|x86.Build.0 = Release|Any CPU
		{0DEC6550-C840-43CC-B46B-7BF08449ACB0}.Debug|Any CPU.ActiveCfg = Debug|Any CPU
		{0DEC6550-C840-43CC-B46B-7BF08449ACB0}.Debug|Any CPU.Build.0 = Debug|Any CPU
		{0DEC6550-C840-43CC-B46B-7BF08449ACB0}.Debug|x64.ActiveCfg = Debug|Any CPU
		{0DEC6550-C840-43CC-B46B-7BF08449ACB0}.Debug|x64.Build.0 = Debug|Any CPU
		{0DEC6550-C840-43CC-B46B-7BF08449ACB0}.Debug|x86.ActiveCfg = Debug|Any CPU
		{0DEC6550-C840-43CC-B46B-7BF08449ACB0}.Debug|x86.Build.0 = Debug|Any CPU
		{0DEC6550-C840-43CC-B46B-7BF08449ACB0}.Release|Any CPU.ActiveCfg = Release|Any CPU
		{0DEC6550-C840-43CC-B46B-7BF08449ACB0}.Release|Any CPU.Build.0 = Release|Any CPU
		{0DEC6550-C840-43CC-B46B-7BF08449ACB0}.Release|x64.ActiveCfg = Release|Any CPU
		{0DEC6550-C840-43CC-B46B-7BF08449ACB0}.Release|x64.Build.0 = Release|Any CPU
		{0DEC6550-C840-43CC-B46B-7BF08449ACB0}.Release|x86.ActiveCfg = Release|Any CPU
		{0DEC6550-C840-43CC-B46B-7BF08449ACB0}.Release|x86.Build.0 = Release|Any CPU
		{70E165A8-00D8-45E2-B0F4-2690971C6AE5}.Debug|Any CPU.ActiveCfg = Debug|Any CPU
		{70E165A8-00D8-45E2-B0F4-2690971C6AE5}.Debug|Any CPU.Build.0 = Debug|Any CPU
		{70E165A8-00D8-45E2-B0F4-2690971C6AE5}.Debug|x64.ActiveCfg = Debug|Any CPU
		{70E165A8-00D8-45E2-B0F4-2690971C6AE5}.Debug|x64.Build.0 = Debug|Any CPU
		{70E165A8-00D8-45E2-B0F4-2690971C6AE5}.Debug|x86.ActiveCfg = Debug|Any CPU
		{70E165A8-00D8-45E2-B0F4-2690971C6AE5}.Debug|x86.Build.0 = Debug|Any CPU
		{70E165A8-00D8-45E2-B0F4-2690971C6AE5}.Release|Any CPU.ActiveCfg = Release|Any CPU
		{70E165A8-00D8-45E2-B0F4-2690971C6AE5}.Release|Any CPU.Build.0 = Release|Any CPU
		{70E165A8-00D8-45E2-B0F4-2690971C6AE5}.Release|x64.ActiveCfg = Release|Any CPU
		{70E165A8-00D8-45E2-B0F4-2690971C6AE5}.Release|x64.Build.0 = Release|Any CPU
		{70E165A8-00D8-45E2-B0F4-2690971C6AE5}.Release|x86.ActiveCfg = Release|Any CPU
		{70E165A8-00D8-45E2-B0F4-2690971C6AE5}.Release|x86.Build.0 = Release|Any CPU
		{26CB11BD-6ADD-43A3-A631-BC25AF2DE268}.Debug|Any CPU.ActiveCfg = Debug|Any CPU
		{26CB11BD-6ADD-43A3-A631-BC25AF2DE268}.Debug|Any CPU.Build.0 = Debug|Any CPU
		{26CB11BD-6ADD-43A3-A631-BC25AF2DE268}.Debug|x64.ActiveCfg = Debug|Any CPU
		{26CB11BD-6ADD-43A3-A631-BC25AF2DE268}.Debug|x64.Build.0 = Debug|Any CPU
		{26CB11BD-6ADD-43A3-A631-BC25AF2DE268}.Debug|x86.ActiveCfg = Debug|Any CPU
		{26CB11BD-6ADD-43A3-A631-BC25AF2DE268}.Debug|x86.Build.0 = Debug|Any CPU
		{26CB11BD-6ADD-43A3-A631-BC25AF2DE268}.Release|Any CPU.ActiveCfg = Release|Any CPU
		{26CB11BD-6ADD-43A3-A631-BC25AF2DE268}.Release|Any CPU.Build.0 = Release|Any CPU
		{26CB11BD-6ADD-43A3-A631-BC25AF2DE268}.Release|x64.ActiveCfg = Release|Any CPU
		{26CB11BD-6ADD-43A3-A631-BC25AF2DE268}.Release|x64.Build.0 = Release|Any CPU
		{26CB11BD-6ADD-43A3-A631-BC25AF2DE268}.Release|x86.ActiveCfg = Release|Any CPU
		{26CB11BD-6ADD-43A3-A631-BC25AF2DE268}.Release|x86.Build.0 = Release|Any CPU
		{3FF854F4-337E-4818-A1E3-365448027F7F}.Debug|Any CPU.ActiveCfg = Debug|Any CPU
		{3FF854F4-337E-4818-A1E3-365448027F7F}.Debug|Any CPU.Build.0 = Debug|Any CPU
		{3FF854F4-337E-4818-A1E3-365448027F7F}.Debug|x64.ActiveCfg = Debug|Any CPU
		{3FF854F4-337E-4818-A1E3-365448027F7F}.Debug|x64.Build.0 = Debug|Any CPU
		{3FF854F4-337E-4818-A1E3-365448027F7F}.Debug|x86.ActiveCfg = Debug|Any CPU
		{3FF854F4-337E-4818-A1E3-365448027F7F}.Debug|x86.Build.0 = Debug|Any CPU
		{3FF854F4-337E-4818-A1E3-365448027F7F}.Release|Any CPU.ActiveCfg = Release|Any CPU
		{3FF854F4-337E-4818-A1E3-365448027F7F}.Release|Any CPU.Build.0 = Release|Any CPU
		{3FF854F4-337E-4818-A1E3-365448027F7F}.Release|x64.ActiveCfg = Release|Any CPU
		{3FF854F4-337E-4818-A1E3-365448027F7F}.Release|x64.Build.0 = Release|Any CPU
		{3FF854F4-337E-4818-A1E3-365448027F7F}.Release|x86.ActiveCfg = Release|Any CPU
		{3FF854F4-337E-4818-A1E3-365448027F7F}.Release|x86.Build.0 = Release|Any CPU
		{A5805320-9946-4768-BCC3-0F037A89440F}.Debug|Any CPU.ActiveCfg = Debug|Any CPU
		{A5805320-9946-4768-BCC3-0F037A89440F}.Debug|Any CPU.Build.0 = Debug|Any CPU
		{A5805320-9946-4768-BCC3-0F037A89440F}.Debug|x64.ActiveCfg = Debug|Any CPU
		{A5805320-9946-4768-BCC3-0F037A89440F}.Debug|x64.Build.0 = Debug|Any CPU
		{A5805320-9946-4768-BCC3-0F037A89440F}.Debug|x86.ActiveCfg = Debug|Any CPU
		{A5805320-9946-4768-BCC3-0F037A89440F}.Debug|x86.Build.0 = Debug|Any CPU
		{A5805320-9946-4768-BCC3-0F037A89440F}.Release|Any CPU.ActiveCfg = Release|Any CPU
		{A5805320-9946-4768-BCC3-0F037A89440F}.Release|Any CPU.Build.0 = Release|Any CPU
		{A5805320-9946-4768-BCC3-0F037A89440F}.Release|x64.ActiveCfg = Release|Any CPU
		{A5805320-9946-4768-BCC3-0F037A89440F}.Release|x64.Build.0 = Release|Any CPU
		{A5805320-9946-4768-BCC3-0F037A89440F}.Release|x86.ActiveCfg = Release|Any CPU
		{A5805320-9946-4768-BCC3-0F037A89440F}.Release|x86.Build.0 = Release|Any CPU
		{D9C01E3F-B290-4472-A50B-EA2DD35425FE}.Debug|Any CPU.ActiveCfg = Debug|Any CPU
		{D9C01E3F-B290-4472-A50B-EA2DD35425FE}.Debug|Any CPU.Build.0 = Debug|Any CPU
		{D9C01E3F-B290-4472-A50B-EA2DD35425FE}.Debug|x64.ActiveCfg = Debug|Any CPU
		{D9C01E3F-B290-4472-A50B-EA2DD35425FE}.Debug|x64.Build.0 = Debug|Any CPU
		{D9C01E3F-B290-4472-A50B-EA2DD35425FE}.Debug|x86.ActiveCfg = Debug|Any CPU
		{D9C01E3F-B290-4472-A50B-EA2DD35425FE}.Debug|x86.Build.0 = Debug|Any CPU
		{D9C01E3F-B290-4472-A50B-EA2DD35425FE}.Release|Any CPU.ActiveCfg = Release|Any CPU
		{D9C01E3F-B290-4472-A50B-EA2DD35425FE}.Release|Any CPU.Build.0 = Release|Any CPU
		{D9C01E3F-B290-4472-A50B-EA2DD35425FE}.Release|x64.ActiveCfg = Release|Any CPU
		{D9C01E3F-B290-4472-A50B-EA2DD35425FE}.Release|x64.Build.0 = Release|Any CPU
		{D9C01E3F-B290-4472-A50B-EA2DD35425FE}.Release|x86.ActiveCfg = Release|Any CPU
		{D9C01E3F-B290-4472-A50B-EA2DD35425FE}.Release|x86.Build.0 = Release|Any CPU
	EndGlobalSection
	GlobalSection(SolutionProperties) = preSolution
		HideSolutionNode = FALSE
	EndGlobalSection
	GlobalSection(NestedProjects) = preSolution
		{1A67D4B8-0A6D-4B7C-BF12-9C55E3AC3D91} = {827E0CD3-B72D-47B6-A68D-7590B98EB39B}
		{B5E144B9-A0D0-4098-85A8-559163833A31} = {EBD46E40-5B45-43C9-B78D-3086AC56E5CE}
		{4B81D648-A52E-4D17-9F16-95DE53CF9FE5} = {EBD46E40-5B45-43C9-B78D-3086AC56E5CE}
		{A8D36E73-B872-4262-89DC-FDBD916F0174} = {EBD46E40-5B45-43C9-B78D-3086AC56E5CE}
		{45F47EE4-FFD2-487F-ABA7-C15AEFFC1766} = {EBD46E40-5B45-43C9-B78D-3086AC56E5CE}
		{F77F02F3-560A-47FD-A89F-B1338FEB102F} = {EBD46E40-5B45-43C9-B78D-3086AC56E5CE}
		{DB126945-8458-4393-B823-7ACE2848D334} = {827E0CD3-B72D-47B6-A68D-7590B98EB39B}
		{EBD46E40-5B45-43C9-B78D-3086AC56E5CE} = {827E0CD3-B72D-47B6-A68D-7590B98EB39B}
		{AAC4F784-EC9F-494A-A6F2-DD9E779C4252} = {2645CF59-4728-FFDE-52C4-FAEC711A5923}
		{16BF32B0-5F7A-4624-A467-7C18B8E77563} = {2645CF59-4728-FFDE-52C4-FAEC711A5923}
		{57A929DD-1CE7-489F-9C65-6A501D8FBDF0} = {2645CF59-4728-FFDE-52C4-FAEC711A5923}
		{03F04595-18BC-411B-901F-54166F4F7CBD} = {1AA1CF96-9A19-335D-0EAB-BCFFA70C471D}
		{CF6683EC-4BB8-465B-9C0F-2FA00C9254E4} = {1AA1CF96-9A19-335D-0EAB-BCFFA70C471D}
		{98F37822-86EE-4CDD-83D8-9F203D9271B0} = {1AA1CF96-9A19-335D-0EAB-BCFFA70C471D}
		{0E277607-A988-4637-AF1D-800811B8BEA8} = {85F9D363-2665-8B0F-C122-C0216CDE2272}
		{84547C2C-F3B0-487F-AB13-724906F308AD} = {85F9D363-2665-8B0F-C122-C0216CDE2272}
		{600322C5-20F8-4FC6-B1BA-F41B877ADB0C} = {85F9D363-2665-8B0F-C122-C0216CDE2272}
		{5B8A895A-1690-45DB-2687-8234C02AA596} = {827E0CD3-B72D-47B6-A68D-7590B98EB39B}
		{8078F6E9-E3F5-4310-A44F-04EBD77C6683} = {5B8A895A-1690-45DB-2687-8234C02AA596}
		{D4FCFE02-B9E3-4200-8AA5-7E20578D3410} = {5B8A895A-1690-45DB-2687-8234C02AA596}
		{9FF8A299-AEAE-4004-B4F7-09E3E234B591} = {2B111593-C23B-8767-C6D3-CA14C96010DC}
		{EB384F10-7C55-4295-986F-043053FDB717} = {2B111593-C23B-8767-C6D3-CA14C96010DC}
		{E3B97448-37A3-453A-8652-F47FA349EDB7} = {2B111593-C23B-8767-C6D3-CA14C96010DC}
		{1830AA64-C630-4077-86E8-D6F046A18583} = {827E0CD3-B72D-47B6-A68D-7590B98EB39B}
		{599F6775-B07D-9914-925C-3916C18210F7} = {827E0CD3-B72D-47B6-A68D-7590B98EB39B}
		{39F9B8DC-9924-E3AD-EABE-908613B6C013} = {827E0CD3-B72D-47B6-A68D-7590B98EB39B}
		{E28045B4-C9CF-0EB5-5B37-056F08C5DF3F} = {827E0CD3-B72D-47B6-A68D-7590B98EB39B}
		{63BDEFD7-366F-9248-F719-6423D8DFC5DF} = {E28045B4-C9CF-0EB5-5B37-056F08C5DF3F}
		{E407C4C9-53BE-41EB-AEE9-5EC383E07A12} = {63BDEFD7-366F-9248-F719-6423D8DFC5DF}
		{3D75D8D5-C0F2-7DB7-483C-1EDBEF7859E0} = {827E0CD3-B72D-47B6-A68D-7590B98EB39B}
		{0DEC6550-C840-43CC-B46B-7BF08449ACB0} = {3D75D8D5-C0F2-7DB7-483C-1EDBEF7859E0}
		{70E165A8-00D8-45E2-B0F4-2690971C6AE5} = {3D75D8D5-C0F2-7DB7-483C-1EDBEF7859E0}
		{26CB11BD-6ADD-43A3-A631-BC25AF2DE268} = {3D75D8D5-C0F2-7DB7-483C-1EDBEF7859E0}
		{3FF854F4-337E-4818-A1E3-365448027F7F} = {3D75D8D5-C0F2-7DB7-483C-1EDBEF7859E0}
		{A5805320-9946-4768-BCC3-0F037A89440F} = {3D75D8D5-C0F2-7DB7-483C-1EDBEF7859E0}
		{D9C01E3F-B290-4472-A50B-EA2DD35425FE} = {3D75D8D5-C0F2-7DB7-483C-1EDBEF7859E0}
	EndGlobalSection
EndGlobal
